
Microsoft Visual Studio Solution File, Format Version 12.00
# Visual Studio Express 2012 for Windows Desktop
Project("{FAE04EC0-301F-11D3-BF4B-00C04F79EFBC}") = "CDM-SearchEngine", "CDM-SearchEngine\CDM-SearchEngine.csproj", "{2846E9FB-1496-4E2E-9BE4-07431808EF9D}"
EndProject
Project("{FAE04EC0-301F-11D3-BF4B-00C04F79EFBC}") = "CDM-SearchEngineTests", "CDM-SearchEngineTests\CDM-SearchEngineTests.csproj", "{80101315-6495-4D95-8B89-F828282201BE}"
EndProject
Global
	GlobalSection(SolutionConfigurationPlatforms) = preSolution
		Debug|Any CPU = Debug|Any CPU
		Release|Any CPU = Release|Any CPU
	EndGlobalSection
	GlobalSection(ProjectConfigurationPlatforms) = postSolution
		{2846E9FB-1496-4E2E-9BE4-07431808EF9D}.Debug|Any CPU.ActiveCfg = Debug|Any CPU
		{2846E9FB-1496-4E2E-9BE4-07431808EF9D}.Debug|Any CPU.Build.0 = Debug|Any CPU
		{2846E9FB-1496-4E2E-9BE4-07431808EF9D}.Release|Any CPU.ActiveCfg = Release|Any CPU
		{2846E9FB-1496-4E2E-9BE4-07431808EF9D}.Release|Any CPU.Build.0 = Release|Any CPU
		{80101315-6495-4D95-8B89-F828282201BE}.Debug|Any CPU.ActiveCfg = Debug|Any CPU
		{80101315-6495-4D95-8B89-F828282201BE}.Debug|Any CPU.Build.0 = Debug|Any CPU
		{80101315-6495-4D95-8B89-F828282201BE}.Release|Any CPU.ActiveCfg = Release|Any CPU
		{80101315-6495-4D95-8B89-F828282201BE}.Release|Any CPU.Build.0 = Release|Any CPU
	EndGlobalSection
	GlobalSection(SolutionProperties) = preSolution
		HideSolutionNode = FALSE
	EndGlobalSection
EndGlobal
